
Microsoft Visual Studio Solution File, Format Version 12.00
# Visual Studio Version 17
VisualStudioVersion = 17.0.31903.59
MinimumVisualStudioVersion = 10.0.40219.1
Project("{2150E333-8FDC-42A3-9474-1A3956D46DE8}") = "src", "src", "{827E0CD3-B72D-47B6-A68D-7590B98EB39B}"
EndProject
Project("{FAE04EC0-301F-11D3-BF4B-00C04F79EFBC}") = "Fallguys.Rules", "src\Fallguys.Rules\Fallguys.Rules.csproj", "{50C99F93-3CA8-4CB9-AC16-203ACDA63056}"
EndProject
Project("{FAE04EC0-301F-11D3-BF4B-00C04F79EFBC}") = "Fallguys.Rules.Tests", "tests\Fallguys.Rules.Tests\Fallguys.Rules.Tests.csproj", "{89756FEC-BC34-4EC4-B9A7-8927C57BAD00}"
EndProject
Global
	GlobalSection(SolutionConfigurationPlatforms) = preSolution
		Debug|Any CPU = Debug|Any CPU
		Debug|x64 = Debug|x64
		Debug|x86 = Debug|x86
		Release|Any CPU = Release|Any CPU
		Release|x64 = Release|x64
		Release|x86 = Release|x86
	EndGlobalSection
	GlobalSection(ProjectConfigurationPlatforms) = postSolution
		{50C99F93-3CA8-4CB9-AC16-203ACDA63056}.Debug|Any CPU.ActiveCfg = Debug|Any CPU
		{50C99F93-3CA8-4CB9-AC16-203ACDA63056}.Debug|Any CPU.Build.0 = Debug|Any CPU
		{50C99F93-3CA8-4CB9-AC16-203ACDA63056}.Debug|x64.ActiveCfg = Debug|Any CPU
		{50C99F93-3CA8-4CB9-AC16-203ACDA63056}.Debug|x64.Build.0 = Debug|Any CPU
		{50C99F93-3CA8-4CB9-AC16-203ACDA63056}.Debug|x86.ActiveCfg = Debug|Any CPU
		{50C99F93-3CA8-4CB9-AC16-203ACDA63056}.Debug|x86.Build.0 = Debug|Any CPU
		{50C99F93-3CA8-4CB9-AC16-203ACDA63056}.Release|Any CPU.ActiveCfg = Release|Any CPU
		{50C99F93-3CA8-4CB9-AC16-203ACDA63056}.Release|Any CPU.Build.0 = Release|Any CPU
		{50C99F93-3CA8-4CB9-AC16-203ACDA63056}.Release|x64.ActiveCfg = Release|Any CPU
		{50C99F93-3CA8-4CB9-AC16-203ACDA63056}.Release|x64.Build.0 = Release|Any CPU
		{50C99F93-3CA8-4CB9-AC16-203ACDA63056}.Release|x86.ActiveCfg = Release|Any CPU
		{50C99F93-3CA8-4CB9-AC16-203ACDA63056}.Release|x86.Build.0 = Release|Any CPU
		{89756FEC-BC34-4EC4-B9A7-8927C57BAD00}.Debug|Any CPU.ActiveCfg = Debug|Any CPU
		{89756FEC-BC34-4EC4-B9A7-8927C57BAD00}.Debug|Any CPU.Build.0 = Debug|Any CPU
		{89756FEC-BC34-4EC4-B9A7-8927C57BAD00}.Debug|x64.ActiveCfg = Debug|Any CPU
		{89756FEC-BC34-4EC4-B9A7-8927C57BAD00}.Debug|x64.Build.0 = Debug|Any CPU
		{89756FEC-BC34-4EC4-B9A7-8927C57BAD00}.Debug|x86.ActiveCfg = Debug|Any CPU
		{89756FEC-BC34-4EC4-B9A7-8927C57BAD00}.Debug|x86.Build.0 = Debug|Any CPU
		{89756FEC-BC34-4EC4-B9A7-8927C57BAD00}.Release|Any CPU.ActiveCfg = Release|Any CPU
		{89756FEC-BC34-4EC4-B9A7-8927C57BAD00}.Release|Any CPU.Build.0 = Release|Any CPU
		{89756FEC-BC34-4EC4-B9A7-8927C57BAD00}.Release|x64.ActiveCfg = Release|Any CPU
		{89756FEC-BC34-4EC4-B9A7-8927C57BAD00}.Release|x64.Build.0 = Release|Any CPU
		{89756FEC-BC34-4EC4-B9A7-8927C57BAD00}.Release|x86.ActiveCfg = Release|Any CPU
		{89756FEC-BC34-4EC4-B9A7-8927C57BAD00}.Release|x86.Build.0 = Release|Any CPU
	EndGlobalSection
	GlobalSection(SolutionProperties) = preSolution
		HideSolutionNode = FALSE
	EndGlobalSection
	GlobalSection(NestedProjects) = preSolution
		{50C99F93-3CA8-4CB9-AC16-203ACDA63056} = {827E0CD3-B72D-47B6-A68D-7590B98EB39B}
		{89756FEC-BC34-4EC4-B9A7-8927C57BAD00} = {827E0CD3-B72D-47B6-A68D-7590B98EB39B}
	EndGlobalSection
EndGlobal
